
Microsoft Visual Studio Solution File, Format Version 12.00
# Visual Studio Version 16
VisualStudioVersion = 16.0.32126.315
MinimumVisualStudioVersion = 10.0.40219.1
Project("{FAE04EC0-301F-11D3-BF4B-00C04F79EFBC}") = "ContosoUniversity", "ContosoUniversity\ContosoUniversity.csproj", "{7D72BC83-7404-45E0-85E5-D9D5DAE591C7}"
EndProject
Global
	GlobalSection(SolutionConfigurationPlatforms) = preSolution
		Debug|Any CPU = Debug|Any CPU
		Release|Any CPU = Release|Any CPU
	EndGlobalSection
	GlobalSection(ProjectConfigurationPlatforms) = postSolution
		{7D72BC83-7404-45E0-85E5-D9D5DAE591C7}.Debug|Any CPU.ActiveCfg = Debug|Any CPU
		{7D72BC83-7404-45E0-85E5-D9D5DAE591C7}.Debug|Any CPU.Build.0 = Debug|Any CPU
		{7D72BC83-7404-45E0-85E5-D9D5DAE591C7}.Release|Any CPU.ActiveCfg = Release|Any CPU
		{7D72BC83-7404-45E0-85E5-D9D5DAE591C7}.Release|Any CPU.Build.0 = Release|Any CPU
	EndGlobalSection
	GlobalSection(SolutionProperties) = preSolution
		HideSolutionNode = FALSE
	EndGlobalSection
	GlobalSection(ExtensibilityGlobals) = postSolution
		SolutionGuid = {BEB09629-9B94-4A17-8C8A-012129C7139E}
	EndGlobalSection
EndGlobal
